
Microsoft Visual Studio Solution File, Format Version 12.00
# Visual Studio Version 16
VisualStudioVersion = 16.0.35826.135
MinimumVisualStudioVersion = 10.0.40219.1
Project("{FAE04EC0-301F-11D3-BF4B-00C04F79EFBC}") = "Client", "Client\Client.csproj", "{48E20645-0B16-4EBF-B6E1-A67EC2E2D2C1}"
EndProject
Project("{FAE04EC0-301F-11D3-BF4B-00C04F79EFBC}") = "Server", "Server\Server.csproj", "{ADF8F9B2-80EA-43F8-9293-C5389EF1FAA8}"
EndProject
Global
	GlobalSection(SolutionConfigurationPlatforms) = preSolution
		Debug|Any CPU = Debug|Any CPU
		Release|Any CPU = Release|Any CPU
	EndGlobalSection
	GlobalSection(ProjectConfigurationPlatforms) = postSolution
		{48E20645-0B16-4EBF-B6E1-A67EC2E2D2C1}.Debug|Any CPU.ActiveCfg = Debug|Any CPU
		{48E20645-0B16-4EBF-B6E1-A67EC2E2D2C1}.Debug|Any CPU.Build.0 = Debug|Any CPU
		{48E20645-0B16-4EBF-B6E1-A67EC2E2D2C1}.Release|Any CPU.ActiveCfg = Release|Any CPU
		{48E20645-0B16-4EBF-B6E1-A67EC2E2D2C1}.Release|Any CPU.Build.0 = Release|Any CPU
		{ADF8F9B2-80EA-43F8-9293-C5389EF1FAA8}.Debug|Any CPU.ActiveCfg = Debug|Any CPU
		{ADF8F9B2-80EA-43F8-9293-C5389EF1FAA8}.Debug|Any CPU.Build.0 = Debug|Any CPU
		{ADF8F9B2-80EA-43F8-9293-C5389EF1FAA8}.Release|Any CPU.ActiveCfg = Release|Any CPU
		{ADF8F9B2-80EA-43F8-9293-C5389EF1FAA8}.Release|Any CPU.Build.0 = Release|Any CPU
	EndGlobalSection
	GlobalSection(SolutionProperties) = preSolution
		HideSolutionNode = FALSE
	EndGlobalSection
	GlobalSection(ExtensibilityGlobals) = postSolution
		SolutionGuid = {E1FE65F1-36BC-4452-9895-95456E176780}
	EndGlobalSection
EndGlobal
